
Microsoft Visual Studio Solution File, Format Version 12.00
# Visual Studio Version 17
VisualStudioVersion = 17.0.31903.59
MinimumVisualStudioVersion = 10.0.40219.1
Project("{FAE04EC0-301F-11D3-BF4B-00C04F79EFBC}") = "CommandLine", "CommandLine\CommandLine.csproj", "{0F0CBEFD-1B51-41B4-9BE4-A7FA662C226C}"
EndProject
Project("{FAE04EC0-301F-11D3-BF4B-00C04F79EFBC}") = "SWGen", "SWGen\SWGen.csproj", "{11BFC2CD-73D6-48E1-A1A2-8A17E8ED3AAB}"
EndProject
Project("{FAE04EC0-301F-11D3-BF4B-00C04F79EFBC}") = "Tests", "Tests\Tests.csproj", "{7F2DB33E-0477-45A8-863E-47235F2183E7}"
EndProject
Project("{FAE04EC0-301F-11D3-BF4B-00C04F79EFBC}") = "SWGen.Razor", "SWGen.Razor\SWGen.Razor.csproj", "{39E6731E-5B03-42B5-95A2-97A37813A565}"
EndProject
Project("{FAE04EC0-301F-11D3-BF4B-00C04F79EFBC}") = "FileSystemSourceGenerator", "FileSystemSourceGenerator\FileSystemSourceGenerator\FileSystemSourceGenerator.csproj", "{75FFCA42-AEE1-4B84-8DF0-890F25607AAD}"
EndProject
Global
	GlobalSection(SolutionConfigurationPlatforms) = preSolution
		Debug|Any CPU = Debug|Any CPU
		Release|Any CPU = Release|Any CPU
	EndGlobalSection
	GlobalSection(SolutionProperties) = preSolution
		HideSolutionNode = FALSE
	EndGlobalSection
	GlobalSection(ProjectConfigurationPlatforms) = postSolution
		{0F0CBEFD-1B51-41B4-9BE4-A7FA662C226C}.Debug|Any CPU.ActiveCfg = Debug|Any CPU
		{0F0CBEFD-1B51-41B4-9BE4-A7FA662C226C}.Debug|Any CPU.Build.0 = Debug|Any CPU
		{0F0CBEFD-1B51-41B4-9BE4-A7FA662C226C}.Release|Any CPU.ActiveCfg = Release|Any CPU
		{0F0CBEFD-1B51-41B4-9BE4-A7FA662C226C}.Release|Any CPU.Build.0 = Release|Any CPU
		{11BFC2CD-73D6-48E1-A1A2-8A17E8ED3AAB}.Debug|Any CPU.ActiveCfg = Debug|Any CPU
		{11BFC2CD-73D6-48E1-A1A2-8A17E8ED3AAB}.Debug|Any CPU.Build.0 = Debug|Any CPU
		{11BFC2CD-73D6-48E1-A1A2-8A17E8ED3AAB}.Release|Any CPU.ActiveCfg = Release|Any CPU
		{11BFC2CD-73D6-48E1-A1A2-8A17E8ED3AAB}.Release|Any CPU.Build.0 = Release|Any CPU
		{7F2DB33E-0477-45A8-863E-47235F2183E7}.Debug|Any CPU.ActiveCfg = Debug|Any CPU
		{7F2DB33E-0477-45A8-863E-47235F2183E7}.Debug|Any CPU.Build.0 = Debug|Any CPU
		{7F2DB33E-0477-45A8-863E-47235F2183E7}.Release|Any CPU.ActiveCfg = Release|Any CPU
		{7F2DB33E-0477-45A8-863E-47235F2183E7}.Release|Any CPU.Build.0 = Release|Any CPU
		{39E6731E-5B03-42B5-95A2-97A37813A565}.Debug|Any CPU.ActiveCfg = Debug|Any CPU
		{39E6731E-5B03-42B5-95A2-97A37813A565}.Debug|Any CPU.Build.0 = Debug|Any CPU
		{39E6731E-5B03-42B5-95A2-97A37813A565}.Release|Any CPU.ActiveCfg = Release|Any CPU
		{39E6731E-5B03-42B5-95A2-97A37813A565}.Release|Any CPU.Build.0 = Release|Any CPU
		{75FFCA42-AEE1-4B84-8DF0-890F25607AAD}.Debug|Any CPU.ActiveCfg = Debug|Any CPU
		{75FFCA42-AEE1-4B84-8DF0-890F25607AAD}.Debug|Any CPU.Build.0 = Debug|Any CPU
		{75FFCA42-AEE1-4B84-8DF0-890F25607AAD}.Release|Any CPU.ActiveCfg = Release|Any CPU
		{75FFCA42-AEE1-4B84-8DF0-890F25607AAD}.Release|Any CPU.Build.0 = Release|Any CPU
	EndGlobalSection
EndGlobal
